
Microsoft Visual Studio Solution File, Format Version 12.00
# Visual Studio Version 16
VisualStudioVersion = 16.0.29806.167
MinimumVisualStudioVersion = 10.0.40219.1
Project("{FAE04EC0-301F-11D3-BF4B-00C04F79EFBC}") = "QueryGen.Core", "QueryGen.Core\QueryGen.Core.csproj", "{90EBFE53-6AA4-4B49-A500-5C34FCA748D4}"
EndProject
Project("{FAE04EC0-301F-11D3-BF4B-00C04F79EFBC}") = "QueryGen.Test", "QueryGen.Tests\QueryGen.Test.csproj", "{521D621C-44D2-404B-9E65-319D4285D6FE}"
EndProject
Global
	GlobalSection(SolutionConfigurationPlatforms) = preSolution
		Debug|Any CPU = Debug|Any CPU
		Release|Any CPU = Release|Any CPU
	EndGlobalSection
	GlobalSection(ProjectConfigurationPlatforms) = postSolution
		{90EBFE53-6AA4-4B49-A500-5C34FCA748D4}.Debug|Any CPU.ActiveCfg = Debug|Any CPU
		{90EBFE53-6AA4-4B49-A500-5C34FCA748D4}.Debug|Any CPU.Build.0 = Debug|Any CPU
		{90EBFE53-6AA4-4B49-A500-5C34FCA748D4}.Release|Any CPU.ActiveCfg = Release|Any CPU
		{90EBFE53-6AA4-4B49-A500-5C34FCA748D4}.Release|Any CPU.Build.0 = Release|Any CPU
		{521D621C-44D2-404B-9E65-319D4285D6FE}.Debug|Any CPU.ActiveCfg = Debug|Any CPU
		{521D621C-44D2-404B-9E65-319D4285D6FE}.Debug|Any CPU.Build.0 = Debug|Any CPU
		{521D621C-44D2-404B-9E65-319D4285D6FE}.Release|Any CPU.ActiveCfg = Release|Any CPU
		{521D621C-44D2-404B-9E65-319D4285D6FE}.Release|Any CPU.Build.0 = Release|Any CPU
	EndGlobalSection
	GlobalSection(SolutionProperties) = preSolution
		HideSolutionNode = FALSE
	EndGlobalSection
	GlobalSection(ExtensibilityGlobals) = postSolution
		SolutionGuid = {6B3E3A3C-F5C4-4A3C-AEFB-CDC8509AB672}
	EndGlobalSection
EndGlobal
